// !$*UTF8*$!
{
	archiveVersion = 1;
	classes = {
	};
	objectVersion = 52;
	objects = {

/* Begin PBXBuildFile section */
		4E2C7DEF24D6EF1600853ABE /* AuthView.swift in Sources */ = {isa = PBXBuildFile; fileRef = 4E2C7DEE24D6EF1600853ABE /* AuthView.swift */; };
		4E2C7DF124D6F26D00853ABE /* SignInView.swift in Sources */ = {isa = PBXBuildFile; fileRef = 4E2C7DF024D6F26D00853ABE /* SignInView.swift */; };
		4E2C7DF324D6F27B00853ABE /* SignUpView.swift in Sources */ = {isa = PBXBuildFile; fileRef = 4E2C7DF224D6F27B00853ABE /* SignUpView.swift */; };
		4E2C7DF924D721F000853ABE /* FacebookCore in Frameworks */ = {isa = PBXBuildFile; productRef = 4E2C7DF824D721F000853ABE /* FacebookCore */; };
		4E2C7DFB24D721F000853ABE /* FacebookLogin in Frameworks */ = {isa = PBXBuildFile; productRef = 4E2C7DFA24D721F000853ABE /* FacebookLogin */; };
		4E2C7DFD24D721F000853ABE /* FacebookShare in Frameworks */ = {isa = PBXBuildFile; productRef = 4E2C7DFC24D721F000853ABE /* FacebookShare */; };
		4E2C7DFF24D74F1200853ABE /* NetworkWork.swift in Sources */ = {isa = PBXBuildFile; fileRef = 4E2C7DFE24D74F1200853ABE /* NetworkWork.swift */; };
		4E2C7E0124D7541E00853ABE /* User.swift in Sources */ = {isa = PBXBuildFile; fileRef = 4E2C7E0024D7541E00853ABE /* User.swift */; };
		4E590AB724D9CD6800581FB8 /* MainScreenView.swift in Sources */ = {isa = PBXBuildFile; fileRef = 4E590AB624D9CD6800581FB8 /* MainScreenView.swift */; };
		4EEEA3CC24D6E53F008A166B /* AppDelegate.swift in Sources */ = {isa = PBXBuildFile; fileRef = 4EEEA3CB24D6E53F008A166B /* AppDelegate.swift */; };
		4EEEA3CE24D6E53F008A166B /* SceneDelegate.swift in Sources */ = {isa = PBXBuildFile; fileRef = 4EEEA3CD24D6E53F008A166B /* SceneDelegate.swift */; };
		4EEEA3D124D6E53F008A166B /* SwiftEnglish.xcdatamodeld in Sources */ = {isa = PBXBuildFile; fileRef = 4EEEA3CF24D6E53F008A166B /* SwiftEnglish.xcdatamodeld */; };
		4EEEA3D324D6E53F008A166B /* ContentView.swift in Sources */ = {isa = PBXBuildFile; fileRef = 4EEEA3D224D6E53F008A166B /* ContentView.swift */; };
		4EEEA3D524D6E54A008A166B /* Assets.xcassets in Resources */ = {isa = PBXBuildFile; fileRef = 4EEEA3D424D6E54A008A166B /* Assets.xcassets */; };
		4EEEA3D824D6E54A008A166B /* Preview Assets.xcassets in Resources */ = {isa = PBXBuildFile; fileRef = 4EEEA3D724D6E54A008A166B /* Preview Assets.xcassets */; };
		4EEEA3DB24D6E54A008A166B /* LaunchScreen.storyboard in Resources */ = {isa = PBXBuildFile; fileRef = 4EEEA3D924D6E54A008A166B /* LaunchScreen.storyboard */; };
/* End PBXBuildFile section */

/* Begin PBXFileReference section */
		4E2C7DEE24D6EF1600853ABE /* AuthView.swift */ = {isa = PBXFileReference; lastKnownFileType = sourcecode.swift; path = AuthView.swift; sourceTree = "<group>"; };
		4E2C7DF024D6F26D00853ABE /* SignInView.swift */ = {isa = PBXFileReference; lastKnownFileType = sourcecode.swift; path = SignInView.swift; sourceTree = "<group>"; };
		4E2C7DF224D6F27B00853ABE /* SignUpView.swift */ = {isa = PBXFileReference; lastKnownFileType = sourcecode.swift; path = SignUpView.swift; sourceTree = "<group>"; };
		4E2C7DFE24D74F1200853ABE /* NetworkWork.swift */ = {isa = PBXFileReference; lastKnownFileType = sourcecode.swift; path = NetworkWork.swift; sourceTree = "<group>"; };
		4E2C7E0024D7541E00853ABE /* User.swift */ = {isa = PBXFileReference; lastKnownFileType = sourcecode.swift; path = User.swift; sourceTree = "<group>"; };
		4E590AB624D9CD6800581FB8 /* MainScreenView.swift */ = {isa = PBXFileReference; lastKnownFileType = sourcecode.swift; path = MainScreenView.swift; sourceTree = "<group>"; };
		4EEEA3C824D6E53F008A166B /* SwiftEnglish.app */ = {isa = PBXFileReference; explicitFileType = wrapper.application; includeInIndex = 0; path = SwiftEnglish.app; sourceTree = BUILT_PRODUCTS_DIR; };
		4EEEA3CB24D6E53F008A166B /* AppDelegate.swift */ = {isa = PBXFileReference; lastKnownFileType = sourcecode.swift; path = AppDelegate.swift; sourceTree = "<group>"; };
		4EEEA3CD24D6E53F008A166B /* SceneDelegate.swift */ = {isa = PBXFileReference; lastKnownFileType = sourcecode.swift; path = SceneDelegate.swift; sourceTree = "<group>"; };
		4EEEA3D024D6E53F008A166B /* SwiftEnglish.xcdatamodel */ = {isa = PBXFileReference; lastKnownFileType = wrapper.xcdatamodel; path = SwiftEnglish.xcdatamodel; sourceTree = "<group>"; };
		4EEEA3D224D6E53F008A166B /* ContentView.swift */ = {isa = PBXFileReference; lastKnownFileType = sourcecode.swift; path = ContentView.swift; sourceTree = "<group>"; };
		4EEEA3D424D6E54A008A166B /* Assets.xcassets */ = {isa = PBXFileReference; lastKnownFileType = folder.assetcatalog; path = Assets.xcassets; sourceTree = "<group>"; };
		4EEEA3D724D6E54A008A166B /* Preview Assets.xcassets */ = {isa = PBXFileReference; lastKnownFileType = folder.assetcatalog; path = "Preview Assets.xcassets"; sourceTree = "<group>"; };
		4EEEA3DA24D6E54A008A166B /* Base */ = {isa = PBXFileReference; lastKnownFileType = file.storyboard; name = Base; path = Base.lproj/LaunchScreen.storyboard; sourceTree = "<group>"; };
		4EEEA3DC24D6E54A008A166B /* Info.plist */ = {isa = PBXFileReference; lastKnownFileType = text.plist.xml; path = Info.plist; sourceTree = "<group>"; };
/* End PBXFileReference section */

/* Begin PBXFrameworksBuildPhase section */
		4EEEA3C524D6E53F008A166B /* Frameworks */ = {
			isa = PBXFrameworksBuildPhase;
			buildActionMask = 2147483647;
			files = (
				4E2C7DF924D721F000853ABE /* FacebookCore in Frameworks */,
				4E2C7DFD24D721F000853ABE /* FacebookShare in Frameworks */,
				4E2C7DFB24D721F000853ABE /* FacebookLogin in Frameworks */,
			);
			runOnlyForDeploymentPostprocessing = 0;
		};
/* End PBXFrameworksBuildPhase section */

/* Begin PBXGroup section */
		4EEEA3BF24D6E53F008A166B = {
			isa = PBXGroup;
			children = (
				4EEEA3CA24D6E53F008A166B /* SwiftEnglish */,
				4EEEA3C924D6E53F008A166B /* Products */,
			);
			sourceTree = "<group>";
		};
		4EEEA3C924D6E53F008A166B /* Products */ = {
			isa = PBXGroup;
			children = (
				4EEEA3C824D6E53F008A166B /* SwiftEnglish.app */,
			);
			name = Products;
			sourceTree = "<group>";
		};
		4EEEA3CA24D6E53F008A166B /* SwiftEnglish */ = {
			isa = PBXGroup;
			children = (
				4EEEA3CB24D6E53F008A166B /* AppDelegate.swift */,
				4EEEA3CD24D6E53F008A166B /* SceneDelegate.swift */,
				4EEEA3D224D6E53F008A166B /* ContentView.swift */,
				4E2C7DEE24D6EF1600853ABE /* AuthView.swift */,
				4E2C7DF024D6F26D00853ABE /* SignInView.swift */,
				4E2C7DF224D6F27B00853ABE /* SignUpView.swift */,
				4E2C7DFE24D74F1200853ABE /* NetworkWork.swift */,
				4E590AB624D9CD6800581FB8 /* MainScreenView.swift */,
				4E2C7E0024D7541E00853ABE /* User.swift */,
				4EEEA3D424D6E54A008A166B /* Assets.xcassets */,
				4EEEA3D924D6E54A008A166B /* LaunchScreen.storyboard */,
				4EEEA3DC24D6E54A008A166B /* Info.plist */,
				4EEEA3CF24D6E53F008A166B /* SwiftEnglish.xcdatamodeld */,
				4EEEA3D624D6E54A008A166B /* Preview Content */,
			);
			path = SwiftEnglish;
			sourceTree = "<group>";
		};
		4EEEA3D624D6E54A008A166B /* Preview Content */ = {
			isa = PBXGroup;
			children = (
				4EEEA3D724D6E54A008A166B /* Preview Assets.xcassets */,
			);
			path = "Preview Content";
			sourceTree = "<group>";
		};
/* End PBXGroup section */

/* Begin PBXNativeTarget section */
		4EEEA3C724D6E53F008A166B /* SwiftEnglish */ = {
			isa = PBXNativeTarget;
			buildConfigurationList = 4EEEA3DF24D6E54A008A166B /* Build configuration list for PBXNativeTarget "SwiftEnglish" */;
			buildPhases = (
				4EEEA3C424D6E53F008A166B /* Sources */,
				4EEEA3C524D6E53F008A166B /* Frameworks */,
				4EEEA3C624D6E53F008A166B /* Resources */,
			);
			buildRules = (
			);
			dependencies = (
			);
			name = SwiftEnglish;
			packageProductDependencies = (
				4E2C7DF824D721F000853ABE /* FacebookCore */,
				4E2C7DFA24D721F000853ABE /* FacebookLogin */,
				4E2C7DFC24D721F000853ABE /* FacebookShare */,
			);
			productName = SwiftEnglish;
			productReference = 4EEEA3C824D6E53F008A166B /* SwiftEnglish.app */;
			productType = "com.apple.product-type.application";
		};
/* End PBXNativeTarget section */

/* Begin PBXProject section */
		4EEEA3C024D6E53F008A166B /* Project object */ = {
			isa = PBXProject;
			attributes = {
				LastSwiftUpdateCheck = 1160;
				LastUpgradeCheck = 1160;
				ORGANIZATIONNAME = "Дмитрий";
				TargetAttributes = {
					4EEEA3C724D6E53F008A166B = {
						CreatedOnToolsVersion = 11.6;
					};
				};
			};
			buildConfigurationList = 4EEEA3C324D6E53F008A166B /* Build configuration list for PBXProject "SwiftEnglish" */;
			compatibilityVersion = "Xcode 9.3";
			developmentRegion = en;
			hasScannedForEncodings = 0;
			knownRegions = (
				en,
				Base,
			);
			mainGroup = 4EEEA3BF24D6E53F008A166B;
			packageReferences = (
				4E2C7DF724D721F000853ABE /* XCRemoteSwiftPackageReference "facebook-ios-sdk" */,
			);
			productRefGroup = 4EEEA3C924D6E53F008A166B /* Products */;
			projectDirPath = "";
			projectRoot = "";
			targets = (
				4EEEA3C724D6E53F008A166B /* SwiftEnglish */,
			);
		};
/* End PBXProject section */

/* Begin PBXResourcesBuildPhase section */
		4EEEA3C624D6E53F008A166B /* Resources */ = {
			isa = PBXResourcesBuildPhase;
			buildActionMask = 2147483647;
			files = (
				4EEEA3DB24D6E54A008A166B /* LaunchScreen.storyboard in Resources */,
				4EEEA3D824D6E54A008A166B /* Preview Assets.xcassets in Resources */,
				4EEEA3D524D6E54A008A166B /* Assets.xcassets in Resources */,
			);
			runOnlyForDeploymentPostprocessing = 0;
		};
/* End PBXResourcesBuildPhase section */

/* Begin PBXSourcesBuildPhase section */
		4EEEA3C424D6E53F008A166B /* Sources */ = {
			isa = PBXSourcesBuildPhase;
			buildActionMask = 2147483647;
			files = (
				4E2C7DF124D6F26D00853ABE /* SignInView.swift in Sources */,
				4E590AB724D9CD6800581FB8 /* MainScreenView.swift in Sources */,
				4EEEA3CC24D6E53F008A166B /* AppDelegate.swift in Sources */,
				4E2C7DEF24D6EF1600853ABE /* AuthView.swift in Sources */,
				4E2C7DF324D6F27B00853ABE /* SignUpView.swift in Sources */,
				4EEEA3CE24D6E53F008A166B /* SceneDelegate.swift in Sources */,
				4E2C7E0124D7541E00853ABE /* User.swift in Sources */,
				4E2C7DFF24D74F1200853ABE /* NetworkWork.swift in Sources */,
				4EEEA3D324D6E53F008A166B /* ContentView.swift in Sources */,
				4EEEA3D124D6E53F008A166B /* SwiftEnglish.xcdatamodeld in Sources */,
			);
			runOnlyForDeploymentPostprocessing = 0;
		};
/* End PBXSourcesBuildPhase section */

/* Begin PBXVariantGroup section */
		4EEEA3D924D6E54A008A166B /* LaunchScreen.storyboard */ = {
			isa = PBXVariantGroup;
			children = (
				4EEEA3DA24D6E54A008A166B /* Base */,
			);
			name = LaunchScreen.storyboard;
			sourceTree = "<group>";
		};
/* End PBXVariantGroup section */

/* Begin XCBuildConfiguration section */
		4EEEA3DD24D6E54A008A166B /* Debug */ = {
			isa = XCBuildConfiguration;
			buildSettings = {
				ALWAYS_SEARCH_USER_PATHS = NO;
				CLANG_ANALYZER_NONNULL = YES;
				CLANG_ANALYZER_NUMBER_OBJECT_CONVERSION = YES_AGGRESSIVE;
				CLANG_CXX_LANGUAGE_STANDARD = "gnu++14";
				CLANG_CXX_LIBRARY = "libc++";
				CLANG_ENABLE_MODULES = YES;
				CLANG_ENABLE_OBJC_ARC = YES;
				CLANG_ENABLE_OBJC_WEAK = YES;
				CLANG_WARN_BLOCK_CAPTURE_AUTORELEASING = YES;
				CLANG_WARN_BOOL_CONVERSION = YES;
				CLANG_WARN_COMMA = YES;
				CLANG_WARN_CONSTANT_CONVERSION = YES;
				CLANG_WARN_DEPRECATED_OBJC_IMPLEMENTATIONS = YES;
				CLANG_WARN_DIRECT_OBJC_ISA_USAGE = YES_ERROR;
				CLANG_WARN_DOCUMENTATION_COMMENTS = YES;
				CLANG_WARN_EMPTY_BODY = YES;
				CLANG_WARN_ENUM_CONVERSION = YES;
				CLANG_WARN_INFINITE_RECURSION = YES;
				CLANG_WARN_INT_CONVERSION = YES;
				CLANG_WARN_NON_LITERAL_NULL_CONVERSION = YES;
				CLANG_WARN_OBJC_IMPLICIT_RETAIN_SELF = YES;
				CLANG_WARN_OBJC_LITERAL_CONVERSION = YES;
				CLANG_WARN_OBJC_ROOT_CLASS = YES_ERROR;
				CLANG_WARN_RANGE_LOOP_ANALYSIS = YES;
				CLANG_WARN_STRICT_PROTOTYPES = YES;
				CLANG_WARN_SUSPICIOUS_MOVE = YES;
				CLANG_WARN_UNGUARDED_AVAILABILITY = YES_AGGRESSIVE;
				CLANG_WARN_UNREACHABLE_CODE = YES;
				CLANG_WARN__DUPLICATE_METHOD_MATCH = YES;
				COPY_PHASE_STRIP = NO;
				DEBUG_INFORMATION_FORMAT = dwarf;
				ENABLE_STRICT_OBJC_MSGSEND = YES;
				ENABLE_TESTABILITY = YES;
				GCC_C_LANGUAGE_STANDARD = gnu11;
				GCC_DYNAMIC_NO_PIC = NO;
				GCC_NO_COMMON_BLOCKS = YES;
				GCC_OPTIMIZATION_LEVEL = 0;
				GCC_PREPROCESSOR_DEFINITIONS = (
					"DEBUG=1",
					"$(inherited)",
				);
				GCC_WARN_64_TO_32_BIT_CONVERSION = YES;
				GCC_WARN_ABOUT_RETURN_TYPE = YES_ERROR;
				GCC_WARN_UNDECLARED_SELECTOR = YES;
				GCC_WARN_UNINITIALIZED_AUTOS = YES_AGGRESSIVE;
				GCC_WARN_UNUSED_FUNCTION = YES;
				GCC_WARN_UNUSED_VARIABLE = YES;
				IPHONEOS_DEPLOYMENT_TARGET = 13.6;
				MTL_ENABLE_DEBUG_INFO = INCLUDE_SOURCE;
				MTL_FAST_MATH = YES;
				ONLY_ACTIVE_ARCH = YES;
				SDKROOT = iphoneos;
				SWIFT_ACTIVE_COMPILATION_CONDITIONS = DEBUG;
				SWIFT_OPTIMIZATION_LEVEL = "-Onone";
			};
			name = Debug;
		};
		4EEEA3DE24D6E54A008A166B /* Release */ = {
			isa = XCBuildConfiguration;
			buildSettings = {
				ALWAYS_SEARCH_USER_PATHS = NO;
				CLANG_ANALYZER_NONNULL = YES;
				CLANG_ANALYZER_NUMBER_OBJECT_CONVERSION = YES_AGGRESSIVE;
				CLANG_CXX_LANGUAGE_STANDARD = "gnu++14";
				CLANG_CXX_LIBRARY = "libc++";
				CLANG_ENABLE_MODULES = YES;
				CLANG_ENABLE_OBJC_ARC = YES;
				CLANG_ENABLE_OBJC_WEAK = YES;
				CLANG_WARN_BLOCK_CAPTURE_AUTORELEASING = YES;
				CLANG_WARN_BOOL_CONVERSION = YES;
				CLANG_WARN_COMMA = YES;
				CLANG_WARN_CONSTANT_CONVERSION = YES;
				CLANG_WARN_DEPRECATED_OBJC_IMPLEMENTATIONS = YES;
				CLANG_WARN_DIRECT_OBJC_ISA_USAGE = YES_ERROR;
				CLANG_WARN_DOCUMENTATION_COMMENTS = YES;
				CLANG_WARN_EMPTY_BODY = YES;
				CLANG_WARN_ENUM_CONVERSION = YES;
				CLANG_WARN_INFINITE_RECURSION = YES;
				CLANG_WARN_INT_CONVERSION = YES;
				CLANG_WARN_NON_LITERAL_NULL_CONVERSION = YES;
				CLANG_WARN_OBJC_IMPLICIT_RETAIN_SELF = YES;
				CLANG_WARN_OBJC_LITERAL_CONVERSION = YES;
				CLANG_WARN_OBJC_ROOT_CLASS = YES_ERROR;
				CLANG_WARN_RANGE_LOOP_ANALYSIS = YES;
				CLANG_WARN_STRICT_PROTOTYPES = YES;
				CLANG_WARN_SUSPICIOUS_MOVE = YES;
				CLANG_WARN_UNGUARDED_AVAILABILITY = YES_AGGRESSIVE;
				CLANG_WARN_UNREACHABLE_CODE = YES;
				CLANG_WARN__DUPLICATE_METHOD_MATCH = YES;
				COPY_PHASE_STRIP = NO;
				DEBUG_INFORMATION_FORMAT = "dwarf-with-dsym";
				ENABLE_NS_ASSERTIONS = NO;
				ENABLE_STRICT_OBJC_MSGSEND = YES;
				GCC_C_LANGUAGE_STANDARD = gnu11;
				GCC_NO_COMMON_BLOCKS = YES;
				GCC_WARN_64_TO_32_BIT_CONVERSION = YES;
				GCC_WARN_ABOUT_RETURN_TYPE = YES_ERROR;
				GCC_WARN_UNDECLARED_SELECTOR = YES;
				GCC_WARN_UNINITIALIZED_AUTOS = YES_AGGRESSIVE;
				GCC_WARN_UNUSED_FUNCTION = YES;
				GCC_WARN_UNUSED_VARIABLE = YES;
				IPHONEOS_DEPLOYMENT_TARGET = 13.6;
				MTL_ENABLE_DEBUG_INFO = NO;
				MTL_FAST_MATH = YES;
				SDKROOT = iphoneos;
				SWIFT_COMPILATION_MODE = wholemodule;
				SWIFT_OPTIMIZATION_LEVEL = "-O";
				VALIDATE_PRODUCT = YES;
			};
			name = Release;
		};
		4EEEA3E024D6E54A008A166B /* Debug */ = {
			isa = XCBuildConfiguration;
			buildSettings = {
				ASSETCATALOG_COMPILER_APPICON_NAME = AppIcon;
				CODE_SIGN_STYLE = Automatic;
				DEVELOPMENT_ASSET_PATHS = "\"SwiftEnglish/Preview Content\"";
				DEVELOPMENT_TEAM = 2UCWL5WS3X;
				ENABLE_PREVIEWS = YES;
				INFOPLIST_FILE = SwiftEnglish/Info.plist;
				LD_RUNPATH_SEARCH_PATHS = (
					"$(inherited)",
					"@executable_path/Frameworks",
				);
				PRODUCT_BUNDLE_IDENTIFIER = Home.SwiftEnglish;
				PRODUCT_NAME = "$(TARGET_NAME)";
				SWIFT_VERSION = 5.0;
				TARGETED_DEVICE_FAMILY = "1,2";
			};
			name = Debug;
		};
		4EEEA3E124D6E54A008A166B /* Release */ = {
			isa = XCBuildConfiguration;
			buildSettings = {
				ASSETCATALOG_COMPILER_APPICON_NAME = AppIcon;
				CODE_SIGN_STYLE = Automatic;
				DEVELOPMENT_ASSET_PATHS = "\"SwiftEnglish/Preview Content\"";
				DEVELOPMENT_TEAM = 2UCWL5WS3X;
				ENABLE_PREVIEWS = YES;
				INFOPLIST_FILE = SwiftEnglish/Info.plist;
				LD_RUNPATH_SEARCH_PATHS = (
					"$(inherited)",
					"@executable_path/Frameworks",
				);
				PRODUCT_BUNDLE_IDENTIFIER = Home.SwiftEnglish;
				PRODUCT_NAME = "$(TARGET_NAME)";
				SWIFT_VERSION = 5.0;
				TARGETED_DEVICE_FAMILY = "1,2";
			};
			name = Release;
		};
/* End XCBuildConfiguration section */

/* Begin XCConfigurationList section */
		4EEEA3C324D6E53F008A166B /* Build configuration list for PBXProject "SwiftEnglish" */ = {
			isa = XCConfigurationList;
			buildConfigurations = (
				4EEEA3DD24D6E54A008A166B /* Debug */,
				4EEEA3DE24D6E54A008A166B /* Release */,
			);
			defaultConfigurationIsVisible = 0;
			defaultConfigurationName = Release;
		};
		4EEEA3DF24D6E54A008A166B /* Build configuration list for PBXNativeTarget "SwiftEnglish" */ = {
			isa = XCConfigurationList;
			buildConfigurations = (
				4EEEA3E024D6E54A008A166B /* Debug */,
				4EEEA3E124D6E54A008A166B /* Release */,
			);
			defaultConfigurationIsVisible = 0;
			defaultConfigurationName = Release;
		};
/* End XCConfigurationList section */

/* Begin XCRemoteSwiftPackageReference section */
		4E2C7DF724D721F000853ABE /* XCRemoteSwiftPackageReference "facebook-ios-sdk" */ = {
			isa = XCRemoteSwiftPackageReference;
			repositoryURL = "https://github.com/facebook/facebook-ios-sdk.git";
			requirement = {
				kind = upToNextMajorVersion;
				minimumVersion = 7.1.1;
			};
		};
/* End XCRemoteSwiftPackageReference section */

/* Begin XCSwiftPackageProductDependency section */
		4E2C7DF824D721F000853ABE /* FacebookCore */ = {
			isa = XCSwiftPackageProductDependency;
			package = 4E2C7DF724D721F000853ABE /* XCRemoteSwiftPackageReference "facebook-ios-sdk" */;
			productName = FacebookCore;
		};
		4E2C7DFA24D721F000853ABE /* FacebookLogin */ = {
			isa = XCSwiftPackageProductDependency;
			package = 4E2C7DF724D721F000853ABE /* XCRemoteSwiftPackageReference "facebook-ios-sdk" */;
			productName = FacebookLogin;
		};
		4E2C7DFC24D721F000853ABE /* FacebookShare */ = {
			isa = XCSwiftPackageProductDependency;
			package = 4E2C7DF724D721F000853ABE /* XCRemoteSwiftPackageReference "facebook-ios-sdk" */;
			productName = FacebookShare;
		};
/* End XCSwiftPackageProductDependency section */

/* Begin XCVersionGroup section */
		4EEEA3CF24D6E53F008A166B /* SwiftEnglish.xcdatamodeld */ = {
			isa = XCVersionGroup;
			children = (
				4EEEA3D024D6E53F008A166B /* SwiftEnglish.xcdatamodel */,
			);
			currentVersion = 4EEEA3D024D6E53F008A166B /* SwiftEnglish.xcdatamodel */;
			path = SwiftEnglish.xcdatamodeld;
			sourceTree = "<group>";
			versionGroupType = wrapper.xcdatamodel;
		};
/* End XCVersionGroup section */
	};
	rootObject = 4EEEA3C024D6E53F008A166B /* Project object */;
}
